// !$*UTF8*$!
{
	archiveVersion = 1;
	classes = {
	};
	objectVersion = 56;
	objects = {

/* Begin PBXBuildFile section */
		69095C4D2954904F00892F83 /* WeekView.swift in Sources */ = {isa = PBXBuildFile; fileRef = 69095C4C2954904F00892F83 /* WeekView.swift */; };
		69095C4F2954925F00892F83 /* WeekDayView.swift in Sources */ = {isa = PBXBuildFile; fileRef = 69095C4E2954925F00892F83 /* WeekDayView.swift */; };
		69095C51295499F300892F83 /* Date + ext.swift in Sources */ = {isa = PBXBuildFile; fileRef = 69095C50295499F300892F83 /* Date + ext.swift */; };
		69095C552955C78500892F83 /* WABaseInfoView.swift in Sources */ = {isa = PBXBuildFile; fileRef = 69095C542955C78500892F83 /* WABaseInfoView.swift */; };
		69145557295AC09D002F39A3 /* TimerView.swift in Sources */ = {isa = PBXBuildFile; fileRef = 69145556295AC09D002F39A3 /* TimerView.swift */; };
		69145559295AC22E002F39A3 /* ProgressView.swift in Sources */ = {isa = PBXBuildFile; fileRef = 69145558295AC22E002F39A3 /* ProgressView.swift */; };
		691F899B29508D46001ED8E7 /* AppDelegate.swift in Sources */ = {isa = PBXBuildFile; fileRef = 691F899A29508D46001ED8E7 /* AppDelegate.swift */; };
		691F899D29508D46001ED8E7 /* SceneDelegate.swift in Sources */ = {isa = PBXBuildFile; fileRef = 691F899C29508D46001ED8E7 /* SceneDelegate.swift */; };
		691F899F29508D46001ED8E7 /* OverviewController.swift in Sources */ = {isa = PBXBuildFile; fileRef = 691F899E29508D46001ED8E7 /* OverviewController.swift */; };
		691F89A429508D47001ED8E7 /* Assets.xcassets in Resources */ = {isa = PBXBuildFile; fileRef = 691F89A329508D47001ED8E7 /* Assets.xcassets */; };
		691F89A729508D47001ED8E7 /* LaunchScreen.storyboard in Resources */ = {isa = PBXBuildFile; fileRef = 691F89A529508D47001ED8E7 /* LaunchScreen.storyboard */; };
		691F89B12950A355001ED8E7 /* TabBarController.swift in Sources */ = {isa = PBXBuildFile; fileRef = 691F89B02950A355001ED8E7 /* TabBarController.swift */; };
		691F89B42950A539001ED8E7 /* UIColor + ext.swift in Sources */ = {isa = PBXBuildFile; fileRef = 691F89B32950A539001ED8E7 /* UIColor + ext.swift */; };
		691F89B82950A6FD001ED8E7 /* Resources.swift in Sources */ = {isa = PBXBuildFile; fileRef = 691F89B72950A6FD001ED8E7 /* Resources.swift */; };
		691F89BA29517E67001ED8E7 /* NavBarController.swift in Sources */ = {isa = PBXBuildFile; fileRef = 691F89B929517E67001ED8E7 /* NavBarController.swift */; };
		691F89BD29518454001ED8E7 /* WABaseController.swift in Sources */ = {isa = PBXBuildFile; fileRef = 691F89BC29518454001ED8E7 /* WABaseController.swift */; };
		691F89BF2951DB53001ED8E7 /* UIView + ext.swift in Sources */ = {isa = PBXBuildFile; fileRef = 691F89BE2951DB53001ED8E7 /* UIView + ext.swift */; };
		691F89C62951E7F6001ED8E7 /* SessionController.swift in Sources */ = {isa = PBXBuildFile; fileRef = 691F89C52951E7F6001ED8E7 /* SessionController.swift */; };
		691F89CA2951E815001ED8E7 /* ProgressController.swift in Sources */ = {isa = PBXBuildFile; fileRef = 691F89C92951E815001ED8E7 /* ProgressController.swift */; };
		691F89CC2951E824001ED8E7 /* SettingsController.swift in Sources */ = {isa = PBXBuildFile; fileRef = 691F89CB2951E824001ED8E7 /* SettingsController.swift */; };
		6929EF7E29534E52002BA839 /* WAButton.swift in Sources */ = {isa = PBXBuildFile; fileRef = 6929EF7D29534E52002BA839 /* WAButton.swift */; };
		6954FD962969D3CA008C1889 /* StatsView.swift in Sources */ = {isa = PBXBuildFile; fileRef = 6954FD952969D3CA008C1889 /* StatsView.swift */; };
		6954FD992969DA9B008C1889 /* StatsItemView.swift in Sources */ = {isa = PBXBuildFile; fileRef = 6954FD982969DA9B008C1889 /* StatsItemView.swift */; };
		6954FD9B296C5F77008C1889 /* StepsView.swift in Sources */ = {isa = PBXBuildFile; fileRef = 6954FD9A296C5F77008C1889 /* StepsView.swift */; };
		6954FD9E296C6146008C1889 /* WABarsView.swift in Sources */ = {isa = PBXBuildFile; fileRef = 6954FD9D296C6146008C1889 /* WABarsView.swift */; };
		6954FDA1296C617F008C1889 /* WABarView.swift in Sources */ = {isa = PBXBuildFile; fileRef = 6954FDA0296C617F008C1889 /* WABarView.swift */; };
		695BDCCD295350CC001EF9C7 /* OverviewNavBar.swift in Sources */ = {isa = PBXBuildFile; fileRef = 695BDCCC295350CC001EF9C7 /* OverviewNavBar.swift */; };
		695BDCCF29535140001EF9C7 /* WABaseView.swift in Sources */ = {isa = PBXBuildFile; fileRef = 695BDCCE29535140001EF9C7 /* WABaseView.swift */; };
		696B59C929670CF200E30DE3 /* PercentView.swift in Sources */ = {isa = PBXBuildFile; fileRef = 696B59C829670CF200E30DE3 /* PercentView.swift */; };
/* End PBXBuildFile section */

/* Begin PBXFileReference section */
		69095C4C2954904F00892F83 /* WeekView.swift */ = {isa = PBXFileReference; lastKnownFileType = sourcecode.swift; path = WeekView.swift; sourceTree = "<group>"; };
		69095C4E2954925F00892F83 /* WeekDayView.swift */ = {isa = PBXFileReference; lastKnownFileType = sourcecode.swift; path = WeekDayView.swift; sourceTree = "<group>"; };
		69095C50295499F300892F83 /* Date + ext.swift */ = {isa = PBXFileReference; lastKnownFileType = sourcecode.swift; path = "Date + ext.swift"; sourceTree = "<group>"; };
		69095C542955C78500892F83 /* WABaseInfoView.swift */ = {isa = PBXFileReference; lastKnownFileType = sourcecode.swift; path = WABaseInfoView.swift; sourceTree = "<group>"; };
		69145556295AC09D002F39A3 /* TimerView.swift */ = {isa = PBXFileReference; lastKnownFileType = sourcecode.swift; path = TimerView.swift; sourceTree = "<group>"; };
		69145558295AC22E002F39A3 /* ProgressView.swift */ = {isa = PBXFileReference; lastKnownFileType = sourcecode.swift; path = ProgressView.swift; sourceTree = "<group>"; };
		691F899729508D46001ED8E7 /* FitnessApp.app */ = {isa = PBXFileReference; explicitFileType = wrapper.application; includeInIndex = 0; path = FitnessApp.app; sourceTree = BUILT_PRODUCTS_DIR; };
		691F899A29508D46001ED8E7 /* AppDelegate.swift */ = {isa = PBXFileReference; lastKnownFileType = sourcecode.swift; path = AppDelegate.swift; sourceTree = "<group>"; };
		691F899C29508D46001ED8E7 /* SceneDelegate.swift */ = {isa = PBXFileReference; lastKnownFileType = sourcecode.swift; path = SceneDelegate.swift; sourceTree = "<group>"; };
		691F899E29508D46001ED8E7 /* OverviewController.swift */ = {isa = PBXFileReference; lastKnownFileType = sourcecode.swift; path = OverviewController.swift; sourceTree = "<group>"; };
		691F89A329508D47001ED8E7 /* Assets.xcassets */ = {isa = PBXFileReference; lastKnownFileType = folder.assetcatalog; path = Assets.xcassets; sourceTree = "<group>"; };
		691F89A629508D47001ED8E7 /* Base */ = {isa = PBXFileReference; lastKnownFileType = file.storyboard; name = Base; path = Base.lproj/LaunchScreen.storyboard; sourceTree = "<group>"; };
		691F89A829508D47001ED8E7 /* Info.plist */ = {isa = PBXFileReference; lastKnownFileType = text.plist.xml; path = Info.plist; sourceTree = "<group>"; };
		691F89B02950A355001ED8E7 /* TabBarController.swift */ = {isa = PBXFileReference; lastKnownFileType = sourcecode.swift; path = TabBarController.swift; sourceTree = "<group>"; };
		691F89B32950A539001ED8E7 /* UIColor + ext.swift */ = {isa = PBXFileReference; lastKnownFileType = sourcecode.swift; path = "UIColor + ext.swift"; sourceTree = "<group>"; };
		691F89B72950A6FD001ED8E7 /* Resources.swift */ = {isa = PBXFileReference; lastKnownFileType = sourcecode.swift; path = Resources.swift; sourceTree = "<group>"; };
		691F89B929517E67001ED8E7 /* NavBarController.swift */ = {isa = PBXFileReference; lastKnownFileType = sourcecode.swift; path = NavBarController.swift; sourceTree = "<group>"; };
		691F89BC29518454001ED8E7 /* WABaseController.swift */ = {isa = PBXFileReference; lastKnownFileType = sourcecode.swift; path = WABaseController.swift; sourceTree = "<group>"; };
		691F89BE2951DB53001ED8E7 /* UIView + ext.swift */ = {isa = PBXFileReference; lastKnownFileType = sourcecode.swift; path = "UIView + ext.swift"; sourceTree = "<group>"; };
		691F89C52951E7F6001ED8E7 /* SessionController.swift */ = {isa = PBXFileReference; lastKnownFileType = sourcecode.swift; path = SessionController.swift; sourceTree = "<group>"; };
		691F89C92951E815001ED8E7 /* ProgressController.swift */ = {isa = PBXFileReference; lastKnownFileType = sourcecode.swift; path = ProgressController.swift; sourceTree = "<group>"; };
		691F89CB2951E824001ED8E7 /* SettingsController.swift */ = {isa = PBXFileReference; lastKnownFileType = sourcecode.swift; path = SettingsController.swift; sourceTree = "<group>"; };
		6929EF7D29534E52002BA839 /* WAButton.swift */ = {isa = PBXFileReference; lastKnownFileType = sourcecode.swift; path = WAButton.swift; sourceTree = "<group>"; };
		6954FD952969D3CA008C1889 /* StatsView.swift */ = {isa = PBXFileReference; lastKnownFileType = sourcecode.swift; path = StatsView.swift; sourceTree = "<group>"; };
		6954FD982969DA9B008C1889 /* StatsItemView.swift */ = {isa = PBXFileReference; lastKnownFileType = sourcecode.swift; path = StatsItemView.swift; sourceTree = "<group>"; };
		6954FD9A296C5F77008C1889 /* StepsView.swift */ = {isa = PBXFileReference; lastKnownFileType = sourcecode.swift; path = StepsView.swift; sourceTree = "<group>"; };
		6954FD9D296C6146008C1889 /* WABarsView.swift */ = {isa = PBXFileReference; lastKnownFileType = sourcecode.swift; path = WABarsView.swift; sourceTree = "<group>"; };
		6954FDA0296C617F008C1889 /* WABarView.swift */ = {isa = PBXFileReference; lastKnownFileType = sourcecode.swift; path = WABarView.swift; sourceTree = "<group>"; };
		695BDCCC295350CC001EF9C7 /* OverviewNavBar.swift */ = {isa = PBXFileReference; lastKnownFileType = sourcecode.swift; path = OverviewNavBar.swift; sourceTree = "<group>"; };
		695BDCCE29535140001EF9C7 /* WABaseView.swift */ = {isa = PBXFileReference; lastKnownFileType = sourcecode.swift; path = WABaseView.swift; sourceTree = "<group>"; };
		696B59C829670CF200E30DE3 /* PercentView.swift */ = {isa = PBXFileReference; lastKnownFileType = sourcecode.swift; path = PercentView.swift; sourceTree = "<group>"; };
/* End PBXFileReference section */

/* Begin PBXFrameworksBuildPhase section */
		691F899429508D46001ED8E7 /* Frameworks */ = {
			isa = PBXFrameworksBuildPhase;
			buildActionMask = 2147483647;
			files = (
			);
			runOnlyForDeploymentPostprocessing = 0;
		};
/* End PBXFrameworksBuildPhase section */

/* Begin PBXGroup section */
		69095C4B2954900F00892F83 /* WeekView */ = {
			isa = PBXGroup;
			children = (
				69095C4C2954904F00892F83 /* WeekView.swift */,
				69095C4E2954925F00892F83 /* WeekDayView.swift */,
			);
			path = WeekView;
			sourceTree = "<group>";
		};
		69095C522955C21200892F83 /* Navigations */ = {
			isa = PBXGroup;
			children = (
				691F89B02950A355001ED8E7 /* TabBarController.swift */,
				691F89B929517E67001ED8E7 /* NavBarController.swift */,
			);
			path = Navigations;
			sourceTree = "<group>";
		};
		69095C532955C72300892F83 /* Views */ = {
			isa = PBXGroup;
			children = (
				6929EF7D29534E52002BA839 /* WAButton.swift */,
				69095C542955C78500892F83 /* WABaseInfoView.swift */,
				695BDCCE29535140001EF9C7 /* WABaseView.swift */,
			);
			path = Views;
			sourceTree = "<group>";
		};
		69145555295AC075002F39A3 /* Views */ = {
			isa = PBXGroup;
			children = (
				6914555A295AC232002F39A3 /* Timer */,
				6954FD932969CE57008C1889 /* Stats */,
				6954FD942969CE6B008C1889 /* Steps */,
			);
			path = Views;
			sourceTree = "<group>";
		};
		6914555A295AC232002F39A3 /* Timer */ = {
			isa = PBXGroup;
			children = (
				69145556295AC09D002F39A3 /* TimerView.swift */,
				69145558295AC22E002F39A3 /* ProgressView.swift */,
				696B59C829670CF200E30DE3 /* PercentView.swift */,
			);
			path = Timer;
			sourceTree = "<group>";
		};
		691F898E29508D46001ED8E7 = {
			isa = PBXGroup;
			children = (
				691F899929508D46001ED8E7 /* FitnessApp */,
				691F899829508D46001ED8E7 /* Products */,
			);
			sourceTree = "<group>";
		};
		691F899829508D46001ED8E7 /* Products */ = {
			isa = PBXGroup;
			children = (
				691F899729508D46001ED8E7 /* FitnessApp.app */,
			);
			name = Products;
			sourceTree = "<group>";
		};
		691F899929508D46001ED8E7 /* FitnessApp */ = {
			isa = PBXGroup;
			children = (
				691F89B22950A4DB001ED8E7 /* Helpers */,
				691F89AE29508E08001ED8E7 /* Application */,
				691F89BB2951841D001ED8E7 /* Controllers */,
				691F89AF29508E18001ED8E7 /* SupportingFiles */,
			);
			path = FitnessApp;
			sourceTree = "<group>";
		};
		691F89AE29508E08001ED8E7 /* Application */ = {
			isa = PBXGroup;
			children = (
				691F899A29508D46001ED8E7 /* AppDelegate.swift */,
				691F899C29508D46001ED8E7 /* SceneDelegate.swift */,
			);
			path = Application;
			sourceTree = "<group>";
		};
		691F89AF29508E18001ED8E7 /* SupportingFiles */ = {
			isa = PBXGroup;
			children = (
				691F89A329508D47001ED8E7 /* Assets.xcassets */,
				691F89A529508D47001ED8E7 /* LaunchScreen.storyboard */,
				691F89A829508D47001ED8E7 /* Info.plist */,
			);
			path = SupportingFiles;
			sourceTree = "<group>";
		};
		691F89B22950A4DB001ED8E7 /* Helpers */ = {
			isa = PBXGroup;
			children = (
				691F89B62950A566001ED8E7 /* Extensions */,
				691F89B72950A6FD001ED8E7 /* Resources.swift */,
			);
			path = Helpers;
			sourceTree = "<group>";
		};
		691F89B62950A566001ED8E7 /* Extensions */ = {
			isa = PBXGroup;
			children = (
				691F89B32950A539001ED8E7 /* UIColor + ext.swift */,
				691F89BE2951DB53001ED8E7 /* UIView + ext.swift */,
				69095C50295499F300892F83 /* Date + ext.swift */,
			);
			path = Extensions;
			sourceTree = "<group>";
		};
		691F89BB2951841D001ED8E7 /* Controllers */ = {
			isa = PBXGroup;
			children = (
				69095C522955C21200892F83 /* Navigations */,
				691F89C42951DE4C001ED8E7 /* Settings */,
				691F89C32951DE3A001ED8E7 /* Progress */,
				691F89C22951DE2B001ED8E7 /* Session */,
				691F89C12951DE14001ED8E7 /* Overview */,
				691F89C02951DDEE001ED8E7 /* Base */,
			);
			path = Controllers;
			sourceTree = "<group>";
		};
		691F89C02951DDEE001ED8E7 /* Base */ = {
			isa = PBXGroup;
			children = (
				6954FD9C296C60F0008C1889 /* WABarsView */,
				691F89BC29518454001ED8E7 /* WABaseController.swift */,
				69095C532955C72300892F83 /* Views */,
			);
			path = Base;
			sourceTree = "<group>";
		};
		691F89C12951DE14001ED8E7 /* Overview */ = {
			isa = PBXGroup;
			children = (
				6929EF7C29534E3B002BA839 /* Views */,
				691F899E29508D46001ED8E7 /* OverviewController.swift */,
			);
			path = Overview;
			sourceTree = "<group>";
		};
		691F89C22951DE2B001ED8E7 /* Session */ = {
			isa = PBXGroup;
			children = (
				69145555295AC075002F39A3 /* Views */,
				691F89C52951E7F6001ED8E7 /* SessionController.swift */,
			);
			path = Session;
			sourceTree = "<group>";
		};
		691F89C32951DE3A001ED8E7 /* Progress */ = {
			isa = PBXGroup;
			children = (
				691F89C92951E815001ED8E7 /* ProgressController.swift */,
			);
			path = Progress;
			sourceTree = "<group>";
		};
		691F89C42951DE4C001ED8E7 /* Settings */ = {
			isa = PBXGroup;
			children = (
				691F89CB2951E824001ED8E7 /* SettingsController.swift */,
			);
			path = Settings;
			sourceTree = "<group>";
		};
		6929EF7C29534E3B002BA839 /* Views */ = {
			isa = PBXGroup;
			children = (
				69095C4B2954900F00892F83 /* WeekView */,
				695BDCCC295350CC001EF9C7 /* OverviewNavBar.swift */,
			);
			path = Views;
			sourceTree = "<group>";
		};
		6954FD932969CE57008C1889 /* Stats */ = {
			isa = PBXGroup;
			children = (
				6954FD972969DA38008C1889 /* Views */,
				6954FD952969D3CA008C1889 /* StatsView.swift */,
			);
			path = Stats;
			sourceTree = "<group>";
		};
		6954FD942969CE6B008C1889 /* Steps */ = {
			isa = PBXGroup;
			children = (
				6954FD9A296C5F77008C1889 /* StepsView.swift */,
			);
			path = Steps;
			sourceTree = "<group>";
		};
		6954FD972969DA38008C1889 /* Views */ = {
			isa = PBXGroup;
			children = (
				6954FD982969DA9B008C1889 /* StatsItemView.swift */,
			);
			path = Views;
			sourceTree = "<group>";
		};
		6954FD9C296C60F0008C1889 /* WABarsView */ = {
			isa = PBXGroup;
			children = (
				6954FD9F296C6169008C1889 /* Views */,
				6954FD9D296C6146008C1889 /* WABarsView.swift */,
			);
			path = WABarsView;
			sourceTree = "<group>";
		};
		6954FD9F296C6169008C1889 /* Views */ = {
			isa = PBXGroup;
			children = (
				6954FDA0296C617F008C1889 /* WABarView.swift */,
			);
			path = Views;
			sourceTree = "<group>";
		};
/* End PBXGroup section */

/* Begin PBXNativeTarget section */
		691F899629508D46001ED8E7 /* FitnessApp */ = {
			isa = PBXNativeTarget;
			buildConfigurationList = 691F89AB29508D47001ED8E7 /* Build configuration list for PBXNativeTarget "FitnessApp" */;
			buildPhases = (
				691F899329508D46001ED8E7 /* Sources */,
				691F899429508D46001ED8E7 /* Frameworks */,
				691F899529508D46001ED8E7 /* Resources */,
			);
			buildRules = (
			);
			dependencies = (
			);
			name = FitnessApp;
			productName = FitnessApp;
			productReference = 691F899729508D46001ED8E7 /* FitnessApp.app */;
			productType = "com.apple.product-type.application";
		};
/* End PBXNativeTarget section */

/* Begin PBXProject section */
		691F898F29508D46001ED8E7 /* Project object */ = {
			isa = PBXProject;
			attributes = {
				BuildIndependentTargetsInParallel = 1;
				LastSwiftUpdateCheck = 1420;
				LastUpgradeCheck = 1420;
				TargetAttributes = {
					691F899629508D46001ED8E7 = {
						CreatedOnToolsVersion = 14.2;
					};
				};
			};
			buildConfigurationList = 691F899229508D46001ED8E7 /* Build configuration list for PBXProject "FitnessApp" */;
			compatibilityVersion = "Xcode 14.0";
			developmentRegion = en;
			hasScannedForEncodings = 0;
			knownRegions = (
				en,
				Base,
			);
			mainGroup = 691F898E29508D46001ED8E7;
			productRefGroup = 691F899829508D46001ED8E7 /* Products */;
			projectDirPath = "";
			projectRoot = "";
			targets = (
				691F899629508D46001ED8E7 /* FitnessApp */,
			);
		};
/* End PBXProject section */

/* Begin PBXResourcesBuildPhase section */
		691F899529508D46001ED8E7 /* Resources */ = {
			isa = PBXResourcesBuildPhase;
			buildActionMask = 2147483647;
			files = (
				691F89A729508D47001ED8E7 /* LaunchScreen.storyboard in Resources */,
				691F89A429508D47001ED8E7 /* Assets.xcassets in Resources */,
			);
			runOnlyForDeploymentPostprocessing = 0;
		};
/* End PBXResourcesBuildPhase section */

/* Begin PBXSourcesBuildPhase section */
		691F899329508D46001ED8E7 /* Sources */ = {
			isa = PBXSourcesBuildPhase;
			buildActionMask = 2147483647;
			files = (
				69095C4D2954904F00892F83 /* WeekView.swift in Sources */,
				69095C51295499F300892F83 /* Date + ext.swift in Sources */,
				691F899F29508D46001ED8E7 /* OverviewController.swift in Sources */,
				691F89CC2951E824001ED8E7 /* SettingsController.swift in Sources */,
				695BDCCD295350CC001EF9C7 /* OverviewNavBar.swift in Sources */,
				691F89BF2951DB53001ED8E7 /* UIView + ext.swift in Sources */,
				691F89B12950A355001ED8E7 /* TabBarController.swift in Sources */,
				6954FDA1296C617F008C1889 /* WABarView.swift in Sources */,
				691F899B29508D46001ED8E7 /* AppDelegate.swift in Sources */,
				696B59C929670CF200E30DE3 /* PercentView.swift in Sources */,
				691F89C62951E7F6001ED8E7 /* SessionController.swift in Sources */,
				69095C552955C78500892F83 /* WABaseInfoView.swift in Sources */,
				69145557295AC09D002F39A3 /* TimerView.swift in Sources */,
				69145559295AC22E002F39A3 /* ProgressView.swift in Sources */,
				6954FD9B296C5F77008C1889 /* StepsView.swift in Sources */,
				6929EF7E29534E52002BA839 /* WAButton.swift in Sources */,
				691F89BA29517E67001ED8E7 /* NavBarController.swift in Sources */,
				6954FD992969DA9B008C1889 /* StatsItemView.swift in Sources */,
				691F89B82950A6FD001ED8E7 /* Resources.swift in Sources */,
				691F89CA2951E815001ED8E7 /* ProgressController.swift in Sources */,
				691F89B42950A539001ED8E7 /* UIColor + ext.swift in Sources */,
				695BDCCF29535140001EF9C7 /* WABaseView.swift in Sources */,
				69095C4F2954925F00892F83 /* WeekDayView.swift in Sources */,
				6954FD9E296C6146008C1889 /* WABarsView.swift in Sources */,
				6954FD962969D3CA008C1889 /* StatsView.swift in Sources */,
				691F89BD29518454001ED8E7 /* WABaseController.swift in Sources */,
				691F899D29508D46001ED8E7 /* SceneDelegate.swift in Sources */,
			);
			runOnlyForDeploymentPostprocessing = 0;
		};
/* End PBXSourcesBuildPhase section */

/* Begin PBXVariantGroup section */
		691F89A529508D47001ED8E7 /* LaunchScreen.storyboard */ = {
			isa = PBXVariantGroup;
			children = (
				691F89A629508D47001ED8E7 /* Base */,
			);
			name = LaunchScreen.storyboard;
			sourceTree = "<group>";
		};
/* End PBXVariantGroup section */

/* Begin XCBuildConfiguration section */
		691F89A929508D47001ED8E7 /* Debug */ = {
			isa = XCBuildConfiguration;
			buildSettings = {
				ALWAYS_SEARCH_USER_PATHS = NO;
				CLANG_ANALYZER_NONNULL = YES;
				CLANG_ANALYZER_NUMBER_OBJECT_CONVERSION = YES_AGGRESSIVE;
				CLANG_CXX_LANGUAGE_STANDARD = "gnu++20";
				CLANG_ENABLE_MODULES = YES;
				CLANG_ENABLE_OBJC_ARC = YES;
				CLANG_ENABLE_OBJC_WEAK = YES;
				CLANG_WARN_BLOCK_CAPTURE_AUTORELEASING = YES;
				CLANG_WARN_BOOL_CONVERSION = YES;
				CLANG_WARN_COMMA = YES;
				CLANG_WARN_CONSTANT_CONVERSION = YES;
				CLANG_WARN_DEPRECATED_OBJC_IMPLEMENTATIONS = YES;
				CLANG_WARN_DIRECT_OBJC_ISA_USAGE = YES_ERROR;
				CLANG_WARN_DOCUMENTATION_COMMENTS = YES;
				CLANG_WARN_EMPTY_BODY = YES;
				CLANG_WARN_ENUM_CONVERSION = YES;
				CLANG_WARN_INFINITE_RECURSION = YES;
				CLANG_WARN_INT_CONVERSION = YES;
				CLANG_WARN_NON_LITERAL_NULL_CONVERSION = YES;
				CLANG_WARN_OBJC_IMPLICIT_RETAIN_SELF = YES;
				CLANG_WARN_OBJC_LITERAL_CONVERSION = YES;
				CLANG_WARN_OBJC_ROOT_CLASS = YES_ERROR;
				CLANG_WARN_QUOTED_INCLUDE_IN_FRAMEWORK_HEADER = YES;
				CLANG_WARN_RANGE_LOOP_ANALYSIS = YES;
				CLANG_WARN_STRICT_PROTOTYPES = YES;
				CLANG_WARN_SUSPICIOUS_MOVE = YES;
				CLANG_WARN_UNGUARDED_AVAILABILITY = YES_AGGRESSIVE;
				CLANG_WARN_UNREACHABLE_CODE = YES;
				CLANG_WARN__DUPLICATE_METHOD_MATCH = YES;
				COPY_PHASE_STRIP = NO;
				DEBUG_INFORMATION_FORMAT = dwarf;
				ENABLE_STRICT_OBJC_MSGSEND = YES;
				ENABLE_TESTABILITY = YES;
				GCC_C_LANGUAGE_STANDARD = gnu11;
				GCC_DYNAMIC_NO_PIC = NO;
				GCC_NO_COMMON_BLOCKS = YES;
				GCC_OPTIMIZATION_LEVEL = 0;
				GCC_PREPROCESSOR_DEFINITIONS = (
					"DEBUG=1",
					"$(inherited)",
				);
				GCC_WARN_64_TO_32_BIT_CONVERSION = YES;
				GCC_WARN_ABOUT_RETURN_TYPE = YES_ERROR;
				GCC_WARN_UNDECLARED_SELECTOR = YES;
				GCC_WARN_UNINITIALIZED_AUTOS = YES_AGGRESSIVE;
				GCC_WARN_UNUSED_FUNCTION = YES;
				GCC_WARN_UNUSED_VARIABLE = YES;
				IPHONEOS_DEPLOYMENT_TARGET = 16.2;
				MTL_ENABLE_DEBUG_INFO = INCLUDE_SOURCE;
				MTL_FAST_MATH = YES;
				ONLY_ACTIVE_ARCH = YES;
				SDKROOT = iphoneos;
				SWIFT_ACTIVE_COMPILATION_CONDITIONS = DEBUG;
				SWIFT_OPTIMIZATION_LEVEL = "-Onone";
			};
			name = Debug;
		};
		691F89AA29508D47001ED8E7 /* Release */ = {
			isa = XCBuildConfiguration;
			buildSettings = {
				ALWAYS_SEARCH_USER_PATHS = NO;
				CLANG_ANALYZER_NONNULL = YES;
				CLANG_ANALYZER_NUMBER_OBJECT_CONVERSION = YES_AGGRESSIVE;
				CLANG_CXX_LANGUAGE_STANDARD = "gnu++20";
				CLANG_ENABLE_MODULES = YES;
				CLANG_ENABLE_OBJC_ARC = YES;
				CLANG_ENABLE_OBJC_WEAK = YES;
				CLANG_WARN_BLOCK_CAPTURE_AUTORELEASING = YES;
				CLANG_WARN_BOOL_CONVERSION = YES;
				CLANG_WARN_COMMA = YES;
				CLANG_WARN_CONSTANT_CONVERSION = YES;
				CLANG_WARN_DEPRECATED_OBJC_IMPLEMENTATIONS = YES;
				CLANG_WARN_DIRECT_OBJC_ISA_USAGE = YES_ERROR;
				CLANG_WARN_DOCUMENTATION_COMMENTS = YES;
				CLANG_WARN_EMPTY_BODY = YES;
				CLANG_WARN_ENUM_CONVERSION = YES;
				CLANG_WARN_INFINITE_RECURSION = YES;
				CLANG_WARN_INT_CONVERSION = YES;
				CLANG_WARN_NON_LITERAL_NULL_CONVERSION = YES;
				CLANG_WARN_OBJC_IMPLICIT_RETAIN_SELF = YES;
				CLANG_WARN_OBJC_LITERAL_CONVERSION = YES;
				CLANG_WARN_OBJC_ROOT_CLASS = YES_ERROR;
				CLANG_WARN_QUOTED_INCLUDE_IN_FRAMEWORK_HEADER = YES;
				CLANG_WARN_RANGE_LOOP_ANALYSIS = YES;
				CLANG_WARN_STRICT_PROTOTYPES = YES;
				CLANG_WARN_SUSPICIOUS_MOVE = YES;
				CLANG_WARN_UNGUARDED_AVAILABILITY = YES_AGGRESSIVE;
				CLANG_WARN_UNREACHABLE_CODE = YES;
				CLANG_WARN__DUPLICATE_METHOD_MATCH = YES;
				COPY_PHASE_STRIP = NO;
				DEBUG_INFORMATION_FORMAT = "dwarf-with-dsym";
				ENABLE_NS_ASSERTIONS = NO;
				ENABLE_STRICT_OBJC_MSGSEND = YES;
				GCC_C_LANGUAGE_STANDARD = gnu11;
				GCC_NO_COMMON_BLOCKS = YES;
				GCC_WARN_64_TO_32_BIT_CONVERSION = YES;
				GCC_WARN_ABOUT_RETURN_TYPE = YES_ERROR;
				GCC_WARN_UNDECLARED_SELECTOR = YES;
				GCC_WARN_UNINITIALIZED_AUTOS = YES_AGGRESSIVE;
				GCC_WARN_UNUSED_FUNCTION = YES;
				GCC_WARN_UNUSED_VARIABLE = YES;
				IPHONEOS_DEPLOYMENT_TARGET = 16.2;
				MTL_ENABLE_DEBUG_INFO = NO;
				MTL_FAST_MATH = YES;
				SDKROOT = iphoneos;
				SWIFT_COMPILATION_MODE = wholemodule;
				SWIFT_OPTIMIZATION_LEVEL = "-O";
				VALIDATE_PRODUCT = YES;
			};
			name = Release;
		};
		691F89AC29508D47001ED8E7 /* Debug */ = {
			isa = XCBuildConfiguration;
			buildSettings = {
				ASSETCATALOG_COMPILER_APPICON_NAME = AppIcon;
				ASSETCATALOG_COMPILER_GLOBAL_ACCENT_COLOR_NAME = AccentColor;
				CODE_SIGN_STYLE = Automatic;
				CURRENT_PROJECT_VERSION = 1;
				DEVELOPMENT_TEAM = M7TD444VRA;
				GENERATE_INFOPLIST_FILE = YES;
				INFOPLIST_FILE = FitnessApp/SupportingFiles/Info.plist;
				INFOPLIST_KEY_UIApplicationSupportsIndirectInputEvents = YES;
				INFOPLIST_KEY_UILaunchStoryboardName = LaunchScreen;
				INFOPLIST_KEY_UISupportedInterfaceOrientations = UIInterfaceOrientationPortrait;
				LD_RUNPATH_SEARCH_PATHS = (
					"$(inherited)",
					"@executable_path/Frameworks",
				);
				MARKETING_VERSION = 1.0;
				PRODUCT_BUNDLE_IDENTIFIER = ru.SiLVERSHTAiN.FitnessApp;
				PRODUCT_NAME = "$(TARGET_NAME)";
				SWIFT_EMIT_LOC_STRINGS = YES;
				SWIFT_VERSION = 5.0;
				TARGETED_DEVICE_FAMILY = "1,2";
			};
			name = Debug;
		};
		691F89AD29508D47001ED8E7 /* Release */ = {
			isa = XCBuildConfiguration;
			buildSettings = {
				ASSETCATALOG_COMPILER_APPICON_NAME = AppIcon;
				ASSETCATALOG_COMPILER_GLOBAL_ACCENT_COLOR_NAME = AccentColor;
				CODE_SIGN_STYLE = Automatic;
				CURRENT_PROJECT_VERSION = 1;
				DEVELOPMENT_TEAM = M7TD444VRA;
				GENERATE_INFOPLIST_FILE = YES;
				INFOPLIST_FILE = FitnessApp/SupportingFiles/Info.plist;
				INFOPLIST_KEY_UIApplicationSupportsIndirectInputEvents = YES;
				INFOPLIST_KEY_UILaunchStoryboardName = LaunchScreen;
				INFOPLIST_KEY_UISupportedInterfaceOrientations = UIInterfaceOrientationPortrait;
				LD_RUNPATH_SEARCH_PATHS = (
					"$(inherited)",
					"@executable_path/Frameworks",
				);
				MARKETING_VERSION = 1.0;
				PRODUCT_BUNDLE_IDENTIFIER = ru.SiLVERSHTAiN.FitnessApp;
				PRODUCT_NAME = "$(TARGET_NAME)";
				SWIFT_EMIT_LOC_STRINGS = YES;
				SWIFT_VERSION = 5.0;
				TARGETED_DEVICE_FAMILY = "1,2";
			};
			name = Release;
		};
/* End XCBuildConfiguration section */

/* Begin XCConfigurationList section */
		691F899229508D46001ED8E7 /* Build configuration list for PBXProject "FitnessApp" */ = {
			isa = XCConfigurationList;
			buildConfigurations = (
				691F89A929508D47001ED8E7 /* Debug */,
				691F89AA29508D47001ED8E7 /* Release */,
			);
			defaultConfigurationIsVisible = 0;
			defaultConfigurationName = Release;
		};
		691F89AB29508D47001ED8E7 /* Build configuration list for PBXNativeTarget "FitnessApp" */ = {
			isa = XCConfigurationList;
			buildConfigurations = (
				691F89AC29508D47001ED8E7 /* Debug */,
				691F89AD29508D47001ED8E7 /* Release */,
			);
			defaultConfigurationIsVisible = 0;
			defaultConfigurationName = Release;
		};
/* End XCConfigurationList section */
	};
	rootObject = 691F898F29508D46001ED8E7 /* Project object */;
}
